
Microsoft Visual Studio Solution File, Format Version 12.00
# Visual Studio Version 17
VisualStudioVersion = 17.7.34018.315
MinimumVisualStudioVersion = 10.0.40219.1
Project("{FAE04EC0-301F-11D3-BF4B-00C04F79EFBC}") = "Day1", "Day1\Day1.csproj", "{D79B746C-87AE-4E5B-BF61-90F1634E1267}"
EndProject
Project("{FAE04EC0-301F-11D3-BF4B-00C04F79EFBC}") = "Day2", "Day2\Day2.csproj", "{5D3C6253-7A74-4AF9-81D8-9940B516E60E}"
EndProject
Global
	GlobalSection(SolutionConfigurationPlatforms) = preSolution
		Debug|Any CPU = Debug|Any CPU
		Release|Any CPU = Release|Any CPU
	EndGlobalSection
	GlobalSection(ProjectConfigurationPlatforms) = postSolution
		{D79B746C-87AE-4E5B-BF61-90F1634E1267}.Debug|Any CPU.ActiveCfg = Debug|Any CPU
		{D79B746C-87AE-4E5B-BF61-90F1634E1267}.Debug|Any CPU.Build.0 = Debug|Any CPU
		{D79B746C-87AE-4E5B-BF61-90F1634E1267}.Release|Any CPU.ActiveCfg = Release|Any CPU
		{D79B746C-87AE-4E5B-BF61-90F1634E1267}.Release|Any CPU.Build.0 = Release|Any CPU
		{5D3C6253-7A74-4AF9-81D8-9940B516E60E}.Debug|Any CPU.ActiveCfg = Debug|Any CPU
		{5D3C6253-7A74-4AF9-81D8-9940B516E60E}.Debug|Any CPU.Build.0 = Debug|Any CPU
		{5D3C6253-7A74-4AF9-81D8-9940B516E60E}.Release|Any CPU.ActiveCfg = Release|Any CPU
		{5D3C6253-7A74-4AF9-81D8-9940B516E60E}.Release|Any CPU.Build.0 = Release|Any CPU
	EndGlobalSection
	GlobalSection(SolutionProperties) = preSolution
		HideSolutionNode = FALSE
	EndGlobalSection
	GlobalSection(ExtensibilityGlobals) = postSolution
		SolutionGuid = {90DE5973-0419-47C1-812B-D4B55C7DA5E5}
	EndGlobalSection
EndGlobal
